{
  "nodes": {
    "darwin": {
      "inputs": {
        "nixpkgs": [
          "nixpkgs"
        ]
      },
      "locked": {
        "lastModified": 1746708654,
        "narHash": "sha256-GeC99gu5H6+AjBXsn5dOhP4/ApuioGCBkufdmEIWPRs=",
        "owner": "LnL7",
        "repo": "nix-darwin",
        "rev": "6cb36e8327421c61e5a3bbd08ed63491b616364a",
        "type": "github"
      },
      "original": {
        "owner": "LnL7",
        "repo": "nix-darwin",
        "type": "github"
      }
    },
    "hardware": {
      "locked": {
        "lastModified": 1746814339,
        "narHash": "sha256-hf2lICJzwACWuzHCmZn5NI6LUAOgGdR1yh8ip+duyhk=",
        "owner": "NixOS",
        "repo": "nixos-hardware",
        "rev": "3c5e12673265dfb0de3d9121420c0c2153bf21e0",
        "type": "github"
      },
      "original": {
        "owner": "NixOS",
        "repo": "nixos-hardware",
        "type": "github"
      }
    },
    "home-manager": {
      "inputs": {
        "nixpkgs": [
          "nixpkgs"
        ]
      },
      "locked": {
        "lastModified": 1746925690,
        "narHash": "sha256-qbCIdIK3CEMfD+X9bMvp/ZLNxU722RV7zD7kUQS9OBg=",
        "owner": "nix-community",
        "repo": "home-manager",
        "rev": "de496c9ccb705ed76c1f23c2cad13e8970c37f0b",
        "type": "github"
      },
      "original": {
        "owner": "nix-community",
        "repo": "home-manager",
        "type": "github"
      }
    },
    "nixpkgs": {
      "locked": {
        "lastModified": 1746663147,
        "narHash": "sha256-Ua0drDHawlzNqJnclTJGf87dBmaO/tn7iZ+TCkTRpRc=",
        "owner": "NixOS",
        "repo": "nixpkgs",
        "rev": "dda3dcd3fe03e991015e9a74b22d35950f264a54",
        "type": "github"
      },
      "original": {
        "owner": "NixOS",
        "ref": "nixos-unstable",
        "repo": "nixpkgs",
        "type": "github"
      }
    },
    "noel": {
      "inputs": {
        "nixpkgs": [
          "nixpkgs"
        ]
      },
      "locked": {
        "lastModified": 1741591845,
        "narHash": "sha256-yS9+f2laKjBzBrprfXlAH10c1NM759SKxY0aD1UiPdQ=",
        "owner": "auguwu",
        "repo": "nixpkgs-overlay",
        "rev": "0fcb310fd337679a13f46a6dc49dde2fe3938130",
        "type": "github"
      },
      "original": {
        "owner": "auguwu",
        "repo": "nixpkgs-overlay",
        "type": "github"
      }
    },
    "noelware": {
      "inputs": {
        "nixpkgs": [
          "nixpkgs"
        ]
      },
      "locked": {
        "lastModified": 1742964344,
        "narHash": "sha256-tJfZSIEbkGCojrhDJcRGbaQEvKbU87iAiDfJn39G4VA=",
        "owner": "Noelware",
        "repo": "nixpkgs-noelware",
        "rev": "7e750c217df4d3ae722a6b25716859406f6ce461",
        "type": "github"
      },
      "original": {
        "owner": "Noelware",
        "repo": "nixpkgs-noelware",
        "type": "github"
      }
    },
    "root": {
      "inputs": {
        "darwin": "darwin",
        "hardware": "hardware",
        "home-manager": "home-manager",
        "nixpkgs": "nixpkgs",
        "noel": "noel",
        "noelware": "noelware",
        "sops-nix": "sops-nix",
        "vscode-insiders": "vscode-insiders"
      }
    },
    "sops-nix": {
      "inputs": {
        "nixpkgs": [
          "nixpkgs"
        ]
      },
      "locked": {
        "lastModified": 1746485181,
        "narHash": "sha256-PxrrSFLaC7YuItShxmYbMgSuFFuwxBB+qsl9BZUnRvg=",
        "owner": "Mic92",
        "repo": "sops-nix",
        "rev": "e93ee1d900ad264d65e9701a5c6f895683433386",
        "type": "github"
      },
      "original": {
        "owner": "Mic92",
        "repo": "sops-nix",
        "type": "github"
      }
    },
    "vscode-insiders": {
      "inputs": {
        "nixpkgs": [
          "nixpkgs"
        ]
      },
      "locked": {
        "lastModified": 1746929177,
        "narHash": "sha256-dU7Byp7UbGiLiWPlhWtCw+yAQMKKWAlHdJ/sGJzHJz4=",
        "owner": "auguwu",
        "repo": "vscode-insiders-nix",
        "rev": "381fab1cac85d6ecb717c2919d8c411b89d7ceb7",
        "type": "github"
      },
      "original": {
        "owner": "auguwu",
        "repo": "vscode-insiders-nix",
        "type": "github"
      }
    }
  },
  "root": "root",
  "version": 7
}
